<?xml version="1.0" encoding="utf-8"?>
<Project ToolsVersion="4.0" xmlns="http://schemas.microsoft.com/developer/msbuild/2003">
  <ItemGroup>
    <Filter Include="Source Files">
      <UniqueIdentifier>{4FC737F1-C7A5-4376-A066-2A32D752A2FF}</UniqueIdentifier>
      <Extensions>cpp;c;cc;cxx;c++;cppm;ixx;def;odl;idl;hpj;bat;asm;asmx</Extensions>
    </Filter>
    <Filter Include="Header Files">
      <UniqueIdentifier>{93995380-89BD-4b04-88EB-625FBE52EBFB}</UniqueIdentifier>
      <Extensions>h;hh;hpp;hxx;h++;hm;inl;inc;ipp;xsd</Extensions>
    </Filter>
    <Filter Include="Resource Files">
      <UniqueIdentifier>{67DA6AB6-F800-4c08-8B7A-83BB121AAD01}</UniqueIdentifier>
      <Extensions>rc;ico;cur;bmp;dlg;rc2;rct;bin;rgs;gif;jpg;jpeg;jpe;resx;tiff;tif;png;wav;mfcribbon-ms</Extensions>
    </Filter>
    <Filter Include="Source Files\lib">
      <UniqueIdentifier>{ad150995-4c51-46e3-abf9-e5249b80259c}</UniqueIdentifier>
    </Filter>
    <Filter Include="Source Files\notes">
      <UniqueIdentifier>{d93a930f-326f-4c64-8adb-d6d7db2f0c5a}</UniqueIdentifier>
    </Filter>
    <Filter Include="Source Files\src">
      <UniqueIdentifier>{56b30177-5e4e-4f2c-b8af-46cfa4130f51}</UniqueIdentifier>
    </Filter>
    <Filter Include="Source Files\shaders">
      <UniqueIdentifier>{f122599f-e960-48aa-afac-bb8c046e7d92}</UniqueIdentifier>
    </Filter>
    <Filter Include="Source Files\imgui">
      <UniqueIdentifier>{64857505-835d-4719-8e1e-6a0e819cbba9}</UniqueIdentifier>
    </Filter>
  </ItemGroup>
  <ItemGroup>
    <ClCompile Include="..\..\GLAD\src\glad.c">
      <Filter>Source Files</Filter>
    </ClCompile>
    <ClCompile Include="src\Main.cpp">
      <Filter>Source Files\src</Filter>
    </ClCompile>
    <ClCompile Include="src\includes\stb_image.cpp">
      <Filter>Source Files\src</Filter>
    </ClCompile>
    <ClCompile Include="src\includes\imgui\imgui.cpp">
      <Filter>Source Files\imgui</Filter>
    </ClCompile>
    <ClCompile Include="src\includes\imgui\imgui_demo.cpp">
      <Filter>Source Files\imgui</Filter>
    </ClCompile>
    <ClCompile Include="src\includes\imgui\imgui_draw.cpp">
      <Filter>Source Files\imgui</Filter>
    </ClCompile>
    <ClCompile Include="src\includes\imgui\imgui_tables.cpp">
      <Filter>Source Files\imgui</Filter>
    </ClCompile>
    <ClCompile Include="src\includes\imgui\imgui_widgets.cpp">
      <Filter>Source Files\imgui</Filter>
    </ClCompile>
    <ClCompile Include="src\includes\imgui\main.cpp">
      <Filter>Source Files\imgui</Filter>
    </ClCompile>
    <ClCompile Include="src\includes\imgui\imgui_impl_glfw.cpp">
      <Filter>Source Files\imgui</Filter>
    </ClCompile>
    <ClCompile Include="src\includes\imgui\imgui_impl_opengl3.cpp">
      <Filter>Source Files\imgui</Filter>
    </ClCompile>
  </ItemGroup>
  <ItemGroup>
    <None Include="packages.config" />
    <None Include="src\shaders\gouraud.fsc">
      <Filter>Source Files\shaders</Filter>
    </None>
    <None Include="src\shaders\gouraud.vs">
      <Filter>Source Files\shaders</Filter>
    </None>
    <None Include="src\shaders\light_color.fsc">
      <Filter>Source Files\shaders</Filter>
    </None>
    <None Include="src\shaders\light_color.vs">
      <Filter>Source Files\shaders</Filter>
    </None>
    <None Include="src\shaders\light_object.fsc">
      <Filter>Source Files\shaders</Filter>
    </None>
    <None Include="src\shaders\light_object.vs">
      <Filter>Source Files\shaders</Filter>
    </None>
    <None Include="src\shaders\light_directional.fsc">
      <Filter>Source Files\shaders</Filter>
    </None>
    <None Include="src\shaders\light_directional.vs">
      <Filter>Source Files\shaders</Filter>
    </None>
    <None Include="src\shaders\light_spot.fsc">
      <Filter>Source Files\shaders</Filter>
    </None>
    <None Include="src\shaders\light_spot.vs">
      <Filter>Source Files\shaders</Filter>
    </None>
    <None Include="src\shaders\light_multiple.fsc">
      <Filter>Source Files\shaders</Filter>
    </None>
    <None Include="src\shaders\light_multiple.vs">
      <Filter>Source Files\shaders</Filter>
    </None>
    <None Include="src\shaders\model_loading.fsc">
      <Filter>Source Files\shaders</Filter>
    </None>
    <None Include="src\shaders\model_loading.vs">
      <Filter>Source Files\shaders</Filter>
    </None>
    <None Include="src\shaders\basic.vs" />
    <None Include="src\shaders\basic.fsc" />
    <None Include="src\shaders\basic2.fsc" />
    <None Include="src\shaders\basic2.vs" />
    <None Include="src\shaders\BufferShader.vs" />
    <None Include="src\shaders\BufferShader.fsc" />
    <None Include="src\shaders\skybox.vs" />
    <None Include="src\shaders\skybox.fsc" />
  </ItemGroup>
  <ItemGroup>
    <ClInclude Include="src\includes\stb_image.h">
      <Filter>Source Files\src</Filter>
    </ClInclude>
    <ClInclude Include="src\includes\camera.h">
      <Filter>Source Files\lib</Filter>
    </ClInclude>
    <ClInclude Include="src\includes\shader.h">
      <Filter>Source Files\lib</Filter>
    </ClInclude>
    <ClInclude Include="src\includes\imgui\imconfig.h">
      <Filter>Source Files\imgui</Filter>
    </ClInclude>
    <ClInclude Include="src\includes\imgui\imgui.h">
      <Filter>Source Files\imgui</Filter>
    </ClInclude>
    <ClInclude Include="src\includes\imgui\imgui_internal.h">
      <Filter>Source Files\imgui</Filter>
    </ClInclude>
    <ClInclude Include="src\includes\imgui\imstb_rectpack.h">
      <Filter>Source Files\imgui</Filter>
    </ClInclude>
    <ClInclude Include="src\includes\imgui\imstb_textedit.h">
      <Filter>Source Files\imgui</Filter>
    </ClInclude>
    <ClInclude Include="src\includes\imgui\imstb_truetype.h">
      <Filter>Source Files\imgui</Filter>
    </ClInclude>
    <ClInclude Include="src\includes\imgui\imgui_impl_glfw.h">
      <Filter>Source Files\imgui</Filter>
    </ClInclude>
    <ClInclude Include="src\includes\imgui\imgui_impl_opengl3.h">
      <Filter>Source Files\imgui</Filter>
    </ClInclude>
    <ClInclude Include="src\includes\imgui\imgui_impl_opengl3_loader.h">
      <Filter>Source Files\imgui</Filter>
    </ClInclude>
    <ClInclude Include="src\includes\mesh.h">
      <Filter>Source Files\lib</Filter>
    </ClInclude>
    <ClInclude Include="src\includes\model.h">
      <Filter>Source Files\lib</Filter>
    </ClInclude>
    <ClInclude Include="src\includes\LogHelper.h">
      <Filter>Header Files</Filter>
    </ClInclude>
  </ItemGroup>
  <ItemGroup>
    <Text Include="Commented code.txt">
      <Filter>Source Files\notes</Filter>
    </Text>
    <Text Include="Old Code.txt">
      <Filter>Source Files\notes</Filter>
    </Text>
  </ItemGroup>
</Project>